{
  "version": 4,
  "terraform_version": "0.15.1",
  "serial": 67,
  "lineage": "ecf76dfc-ae2d-a74e-8354-24a40c2a41dd",
  "outputs": {
    "Gym_vnet_ip_range": {
      "value": [
        "10.0.0.0/16"
      ],
      "type": [
        "list",
        "string"
      ]
    },
    "Vnet-name": {
      "value": "VnetGym",
      "type": "string"
    },
    "id": {
      "value": "/subscriptions/4398a24f-81d9-469d-8b59-2f51ac63df2d/resourceGroups/terraform",
      "type": "string"
    },
    "public_ip_address": {
      "value": "52.255.189.60",
      "type": "string"
    },
    "resource-groupe-nam": {
      "value": "terraform",
      "type": "string"
    }
  },
  "resources": [
    {
      "mode": "data",
      "type": "azurerm_resource_group",
      "name": "GymResourceGroup",
      "provider": "provider[\"registry.terraform.io/hashicorp/azurerm\"]",
      "instances": [
        {
          "schema_version": 0,
          "attributes": {
            "id": "/subscriptions/4398a24f-81d9-469d-8b59-2f51ac63df2d/resourceGroups/terraform",
            "location": "eastus",
            "name": "terraform",
            "tags": {},
            "timeouts": null
          },
          "sensitive_attributes": []
        }
      ]
    },
    {
      "mode": "managed",
      "type": "azurerm_app_service",
      "name": "exposeapi",
      "provider": "provider[\"registry.terraform.io/hashicorp/azurerm\"]",
      "instances": [
        {
          "schema_version": 0,
          "attributes": {
            "app_service_plan_id": "/subscriptions/4398a24f-81d9-469d-8b59-2f51ac63df2d/resourceGroups/terraform/providers/Microsoft.Web/serverfarms/gym_appserviceplan",
            "app_settings": {
              "SOME_KEY": "some-value"
            },
            "auth_settings": [
              {
                "active_directory": [],
                "additional_login_params": {},
                "allowed_external_redirect_urls": [],
                "default_provider": "",
                "enabled": false,
                "facebook": [],
                "google": [],
                "issuer": "",
                "microsoft": [],
                "runtime_version": "",
                "token_refresh_extension_hours": 0,
                "token_store_enabled": false,
                "twitter": [],
                "unauthenticated_client_action": ""
              }
            ],
            "backup": [],
            "client_affinity_enabled": false,
            "client_cert_enabled": false,
            "connection_string": [
              {
                "name": "Database",
                "type": "SQLServer",
                "value": "Server=some-server.mydomain.com;Integrated Security=SSPI"
              }
            ],
            "custom_domain_verification_id": "396FF682E159B9CFD798414BB3E44E99224E372FECC51F15D8CD69AB61560A0E",
            "default_site_hostname": "exposebackapi.azurewebsites.net",
            "enabled": true,
            "https_only": false,
            "id": "/subscriptions/4398a24f-81d9-469d-8b59-2f51ac63df2d/resourceGroups/terraform/providers/Microsoft.Web/sites/exposebackapi",
            "identity": [],
            "location": "eastus",
            "logs": [
              {
                "application_logs": [
                  {
                    "azure_blob_storage": [],
                    "file_system_level": "Off"
                  }
                ],
                "detailed_error_messages_enabled": false,
                "failed_request_tracing_enabled": false,
                "http_logs": [
                  {
                    "azure_blob_storage": [],
                    "file_system": []
                  }
                ]
              }
            ],
            "name": "exposebackapi",
            "outbound_ip_address_list": [
              "20.62.228.68",
              "20.62.228.134",
              "20.62.228.178",
              "20.62.229.164",
              "20.62.229.242",
              "20.62.230.48",
              "20.49.104.33"
            ],
            "outbound_ip_addresses": "20.62.228.68,20.62.228.134,20.62.228.178,20.62.229.164,20.62.229.242,20.62.230.48,20.49.104.33",
            "possible_outbound_ip_address_list": [
              "20.62.228.68",
              "20.62.228.134",
              "20.62.228.178",
              "20.62.229.164",
              "20.62.229.242",
              "20.62.230.48",
              "20.62.230.62",
              "20.62.230.171",
              "20.62.230.192",
              "20.62.230.253",
              "20.62.225.4",
              "52.146.84.26",
              "20.62.231.67",
              "20.62.231.92",
              "20.62.231.94",
              "20.62.231.132",
              "20.62.231.139",
              "20.62.227.12",
              "20.49.104.33"
            ],
            "possible_outbound_ip_addresses": "20.62.228.68,20.62.228.134,20.62.228.178,20.62.229.164,20.62.229.242,20.62.230.48,20.62.230.62,20.62.230.171,20.62.230.192,20.62.230.253,20.62.225.4,52.146.84.26,20.62.231.67,20.62.231.92,20.62.231.94,20.62.231.132,20.62.231.139,20.62.227.12,20.49.104.33",
            "resource_group_name": "terraform",
            "site_config": [
              {
                "always_on": false,
                "app_command_line": "",
                "auto_swap_slot_name": "",
                "cors": [
                  {
                    "allowed_origins": [],
                    "support_credentials": false
                  }
                ],
                "default_documents": null,
                "dotnet_framework_version": "v4.0",
                "ftps_state": "AllAllowed",
                "health_check_path": "",
                "http2_enabled": false,
                "ip_restriction": [],
                "java_container": "",
                "java_container_version": "",
                "java_version": "",
                "linux_fx_version": "",
                "local_mysql_enabled": false,
                "managed_pipeline_mode": "Integrated",
                "min_tls_version": "1.2",
                "number_of_workers": 1,
                "php_version": "",
                "python_version": "",
                "remote_debugging_enabled": false,
                "remote_debugging_version": "VS2019",
                "scm_ip_restriction": [],
                "scm_type": "LocalGit",
                "scm_use_main_ip_restriction": false,
                "use_32_bit_worker_process": false,
                "websockets_enabled": false,
                "windows_fx_version": ""
              }
            ],
            "site_credential": [
              {
                "password": "JKF9Qo4coEdxnnCb0fLSqNgsjkLzGQ3lb2xeNTLxRvnFcF1H90L6gvD9Lxvm",
                "username": "$exposebackapi"
              }
            ],
            "source_control": [
              {
                "branch": "master",
                "manual_integration": false,
                "repo_url": "https://exposebackapi.scm.azurewebsites.net",
                "rollback_enabled": false,
                "use_mercurial": false
              }
            ],
            "storage_account": [],
            "tags": {
              "country": "france",
              "environment": "devlopment",
              "groupe": "Youcef-Jordan_t-Biben-Thibault",
              "project": "memelon"
            },
            "timeouts": null
          },
          "sensitive_attributes": [],
          "private": "eyJlMmJmYjczMC1lY2FhLTExZTYtOGY4OC0zNDM2M2JjN2M0YzAiOnsiY3JlYXRlIjoxODAwMDAwMDAwMDAwLCJkZWxldGUiOjE4MDAwMDAwMDAwMDAsInJlYWQiOjMwMDAwMDAwMDAwMCwidXBkYXRlIjoxODAwMDAwMDAwMDAwfX0=",
          "dependencies": [
            "azurerm_app_service_plan.gym_appserviceplan",
            "data.azurerm_resource_group.GymResourceGroup"
          ]
        }
      ]
    },
    {
      "mode": "managed",
      "type": "azurerm_app_service_plan",
      "name": "gym_appserviceplan",
      "provider": "provider[\"registry.terraform.io/hashicorp/azurerm\"]",
      "instances": [
        {
          "schema_version": 0,
          "attributes": {
            "app_service_environment_id": "",
            "id": "/subscriptions/4398a24f-81d9-469d-8b59-2f51ac63df2d/resourceGroups/terraform/providers/Microsoft.Web/serverfarms/gym_appserviceplan",
            "is_xenon": false,
            "kind": "linux",
            "location": "eastus",
            "maximum_elastic_worker_count": 1,
            "maximum_number_of_workers": 10,
            "name": "gym_appserviceplan",
            "per_site_scaling": false,
            "reserved": true,
            "resource_group_name": "terraform",
            "sku": [
              {
                "capacity": 1,
                "size": "S1",
                "tier": "Standard"
              }
            ],
            "tags": {
              "country": "france",
              "environment": "devlopment",
              "groupe": "Youcef-Jordan_t-Biben-Thibault",
              "project": "memelon"
            },
            "timeouts": null
          },
          "sensitive_attributes": [],
          "private": "eyJlMmJmYjczMC1lY2FhLTExZTYtOGY4OC0zNDM2M2JjN2M0YzAiOnsiY3JlYXRlIjozNjAwMDAwMDAwMDAwLCJkZWxldGUiOjM2MDAwMDAwMDAwMDAsInJlYWQiOjMwMDAwMDAwMDAwMCwidXBkYXRlIjozNjAwMDAwMDAwMDAwfX0=",
          "dependencies": [
            "data.azurerm_resource_group.GymResourceGroup"
          ]
        }
      ]
    },
    {
      "mode": "managed",
      "type": "azurerm_cosmosdb_account",
      "name": "gym_cosmos_account",
      "provider": "provider[\"registry.terraform.io/hashicorp/azurerm\"]",
      "instances": [
        {
          "schema_version": 0,
          "attributes": {
            "analytical_storage_enabled": false,
            "capabilities": [
              {
                "name": "MongoDBv3.4"
              },
              {
                "name": "mongoEnableDocLevelTTL"
              }
            ],
            "connection_strings": [
              "AccountEndpoint=https://gym-cosmos-account.documents.azure.com:443/;AccountKey=O3bnwyOSq9hFEncQVIHXoq4UoLGUUzfMVvP5iGilSlMtUP2gnuPer4nBOebdNLXpBli9DDfDka96lS8ld30Lhg==;",
              "AccountEndpoint=https://gym-cosmos-account.documents.azure.com:443/;AccountKey=XWm6QWS13zSYQWoDW0qg7OY3PEAR2w90fYr0SIkdLnUsWLQDbeNvbeLKEcppTJQBd486KhpBrJwROZPmLzFpeg==;",
              "AccountEndpoint=https://gym-cosmos-account.documents.azure.com:443/;AccountKey=tWnnkn9M9P8dMZvHNPykdgHfUpFazm3tOv9FUlDhCOKM8SIiZCzgg45wX8RXLx8AfVmKgDQXyESe2oAL2ebr9g==;",
              "AccountEndpoint=https://gym-cosmos-account.documents.azure.com:443/;AccountKey=zzuOutL13HnIh4VEAOQC3T4AGNKFkOQcuxFR4hnN2jB1yazE81DKX5lMsBVwSivJLrg0LRhk8afBF0BYm40QwQ==;"
            ],
            "consistency_policy": [
              {
                "consistency_level": "Session",
                "max_interval_in_seconds": 5,
                "max_staleness_prefix": 100
              }
            ],
            "enable_automatic_failover": false,
            "enable_free_tier": false,
            "enable_multiple_write_locations": false,
            "endpoint": "https://gym-cosmos-account.documents.azure.com:443/",
            "geo_location": [
              {
                "failover_priority": 0,
                "id": "gym-cosmos-account-eastus",
                "location": "eastus",
                "prefix": "",
                "zone_redundant": false
              }
            ],
            "id": "/subscriptions/4398a24f-81d9-469d-8b59-2f51ac63df2d/resourceGroups/terraform/providers/Microsoft.DocumentDB/databaseAccounts/gym-cosmos-account",
            "ip_range_filter": "",
            "is_virtual_network_filter_enabled": false,
            "key_vault_key_id": null,
            "kind": "GlobalDocumentDB",
            "location": "eastus",
            "name": "gym-cosmos-account",
            "offer_type": "Standard",
            "primary_key": "O3bnwyOSq9hFEncQVIHXoq4UoLGUUzfMVvP5iGilSlMtUP2gnuPer4nBOebdNLXpBli9DDfDka96lS8ld30Lhg==",
            "primary_master_key": "O3bnwyOSq9hFEncQVIHXoq4UoLGUUzfMVvP5iGilSlMtUP2gnuPer4nBOebdNLXpBli9DDfDka96lS8ld30Lhg==",
            "primary_readonly_key": "tWnnkn9M9P8dMZvHNPykdgHfUpFazm3tOv9FUlDhCOKM8SIiZCzgg45wX8RXLx8AfVmKgDQXyESe2oAL2ebr9g==",
            "primary_readonly_master_key": "tWnnkn9M9P8dMZvHNPykdgHfUpFazm3tOv9FUlDhCOKM8SIiZCzgg45wX8RXLx8AfVmKgDQXyESe2oAL2ebr9g==",
            "public_network_access_enabled": true,
            "read_endpoints": [
              "https://gym-cosmos-account-eastus.documents.azure.com:443/"
            ],
            "resource_group_name": "terraform",
            "secondary_key": "XWm6QWS13zSYQWoDW0qg7OY3PEAR2w90fYr0SIkdLnUsWLQDbeNvbeLKEcppTJQBd486KhpBrJwROZPmLzFpeg==",
            "secondary_master_key": "XWm6QWS13zSYQWoDW0qg7OY3PEAR2w90fYr0SIkdLnUsWLQDbeNvbeLKEcppTJQBd486KhpBrJwROZPmLzFpeg==",
            "secondary_readonly_key": "zzuOutL13HnIh4VEAOQC3T4AGNKFkOQcuxFR4hnN2jB1yazE81DKX5lMsBVwSivJLrg0LRhk8afBF0BYm40QwQ==",
            "secondary_readonly_master_key": "zzuOutL13HnIh4VEAOQC3T4AGNKFkOQcuxFR4hnN2jB1yazE81DKX5lMsBVwSivJLrg0LRhk8afBF0BYm40QwQ==",
            "tags": null,
            "timeouts": null,
            "virtual_network_rule": [],
            "write_endpoints": [
              "https://gym-cosmos-account-eastus.documents.azure.com:443/"
            ]
          },
          "sensitive_attributes": [],
          "private": "eyJlMmJmYjczMC1lY2FhLTExZTYtOGY4OC0zNDM2M2JjN2M0YzAiOnsiY3JlYXRlIjoxMDgwMDAwMDAwMDAwMCwiZGVsZXRlIjoxMDgwMDAwMDAwMDAwMCwicmVhZCI6MzAwMDAwMDAwMDAwLCJ1cGRhdGUiOjEwODAwMDAwMDAwMDAwfX0=",
          "dependencies": [
            "data.azurerm_resource_group.GymResourceGroup"
          ]
        }
      ]
    },
    {
      "mode": "managed",
      "type": "azurerm_public_ip",
      "name": "GymBackPublicIp",
      "provider": "provider[\"registry.terraform.io/hashicorp/azurerm\"]",
      "instances": [
        {
          "schema_version": 0,
          "attributes": {
            "allocation_method": "Static",
            "domain_name_label": null,
            "fqdn": null,
            "id": "/subscriptions/4398a24f-81d9-469d-8b59-2f51ac63df2d/resourceGroups/terraform/providers/Microsoft.Network/publicIPAddresses/GymPublicBackIp",
            "idle_timeout_in_minutes": 4,
            "ip_address": "52.255.189.60",
            "ip_version": "IPv4",
            "location": "eastus",
            "name": "GymPublicBackIp",
            "public_ip_prefix_id": null,
            "resource_group_name": "terraform",
            "reverse_fqdn": null,
            "sku": "Basic",
            "tags": {
              "country": "france",
              "environment": "devlopment",
              "groupe": "Youcef-Jordan_t-Biben-Thibault",
              "project": "memelon"
            },
            "timeouts": null,
            "zones": null
          },
          "sensitive_attributes": [],
          "private": "eyJlMmJmYjczMC1lY2FhLTExZTYtOGY4OC0zNDM2M2JjN2M0YzAiOnsiY3JlYXRlIjoxODAwMDAwMDAwMDAwLCJkZWxldGUiOjE4MDAwMDAwMDAwMDAsInJlYWQiOjMwMDAwMDAwMDAwMCwidXBkYXRlIjoxODAwMDAwMDAwMDAwfX0=",
          "dependencies": [
            "data.azurerm_resource_group.GymResourceGroup"
          ]
        }
      ]
    },
    {
      "mode": "managed",
      "type": "azurerm_storage_account",
      "name": "GymBlob",
      "provider": "provider[\"registry.terraform.io/hashicorp/azurerm\"]",
      "instances": [
        {
          "schema_version": 2,
          "attributes": {
            "access_tier": "Hot",
            "account_kind": "StorageV2",
            "account_replication_type": "LRS",
            "account_tier": "Standard",
            "allow_blob_public_access": false,
            "blob_properties": [],
            "custom_domain": [],
            "enable_https_traffic_only": true,
            "id": "/subscriptions/4398a24f-81d9-469d-8b59-2f51ac63df2d/resourceGroups/terraform/providers/Microsoft.Storage/storageAccounts/gymblobstorage",
            "identity": [],
            "is_hns_enabled": false,
            "large_file_share_enabled": null,
            "location": "eastus",
            "min_tls_version": "TLS1_0",
            "name": "gymblobstorage",
            "network_rules": [
              {
                "bypass": [
                  "AzureServices"
                ],
                "default_action": "Allow",
                "ip_rules": [],
                "virtual_network_subnet_ids": []
              }
            ],
            "primary_access_key": "qkAAcJcbsdlPxksWC/3xNxJFhzaQEfmFTfvprfg6NPkAZORsK+hb0xI+9m/iOHan+V7FIXPmBOXCpDEp8qIsnw==",
            "primary_blob_connection_string": "DefaultEndpointsProtocol=https;BlobEndpoint=https://gymblobstorage.blob.core.windows.net/;AccountName=gymblobstorage;AccountKey=qkAAcJcbsdlPxksWC/3xNxJFhzaQEfmFTfvprfg6NPkAZORsK+hb0xI+9m/iOHan+V7FIXPmBOXCpDEp8qIsnw==",
            "primary_blob_endpoint": "https://gymblobstorage.blob.core.windows.net/",
            "primary_blob_host": "gymblobstorage.blob.core.windows.net",
            "primary_connection_string": "DefaultEndpointsProtocol=https;AccountName=gymblobstorage;AccountKey=qkAAcJcbsdlPxksWC/3xNxJFhzaQEfmFTfvprfg6NPkAZORsK+hb0xI+9m/iOHan+V7FIXPmBOXCpDEp8qIsnw==;EndpointSuffix=core.windows.net",
            "primary_dfs_endpoint": "https://gymblobstorage.dfs.core.windows.net/",
            "primary_dfs_host": "gymblobstorage.dfs.core.windows.net",
            "primary_file_endpoint": "https://gymblobstorage.file.core.windows.net/",
            "primary_file_host": "gymblobstorage.file.core.windows.net",
            "primary_location": "eastus",
            "primary_queue_endpoint": "https://gymblobstorage.queue.core.windows.net/",
            "primary_queue_host": "gymblobstorage.queue.core.windows.net",
            "primary_table_endpoint": "https://gymblobstorage.table.core.windows.net/",
            "primary_table_host": "gymblobstorage.table.core.windows.net",
            "primary_web_endpoint": "https://gymblobstorage.z13.web.core.windows.net/",
            "primary_web_host": "gymblobstorage.z13.web.core.windows.net",
            "queue_properties": [
              {
                "cors_rule": [],
                "hour_metrics": [
                  {
                    "enabled": true,
                    "include_apis": true,
                    "retention_policy_days": 7,
                    "version": "1.0"
                  }
                ],
                "logging": [
                  {
                    "delete": false,
                    "read": false,
                    "retention_policy_days": 0,
                    "version": "1.0",
                    "write": false
                  }
                ],
                "minute_metrics": [
                  {
                    "enabled": false,
                    "include_apis": false,
                    "retention_policy_days": 0,
                    "version": "1.0"
                  }
                ]
              }
            ],
            "resource_group_name": "terraform",
            "secondary_access_key": "Qo1hSbPn4oeU+pUVpmaGKPHoD/v51kZKv1gg6NuTY6ooKXhekCzRo/ek2GvOmiSu+rXNXWTFuN9+1icYJgx3ag==",
            "secondary_blob_connection_string": "",
            "secondary_blob_endpoint": null,
            "secondary_blob_host": null,
            "secondary_connection_string": "DefaultEndpointsProtocol=https;AccountName=gymblobstorage;AccountKey=Qo1hSbPn4oeU+pUVpmaGKPHoD/v51kZKv1gg6NuTY6ooKXhekCzRo/ek2GvOmiSu+rXNXWTFuN9+1icYJgx3ag==;EndpointSuffix=core.windows.net",
            "secondary_dfs_endpoint": null,
            "secondary_dfs_host": null,
            "secondary_file_endpoint": null,
            "secondary_file_host": null,
            "secondary_location": "",
            "secondary_queue_endpoint": null,
            "secondary_queue_host": null,
            "secondary_table_endpoint": null,
            "secondary_table_host": null,
            "secondary_web_endpoint": null,
            "secondary_web_host": null,
            "static_website": [],
            "tags": {
              "country": "france",
              "environment": "devlopment",
              "groupe": "Youcef-Jordan_t-Biben-Thibault",
              "project": "memelon"
            },
            "timeouts": null
          },
          "sensitive_attributes": [],
          "private": "eyJlMmJmYjczMC1lY2FhLTExZTYtOGY4OC0zNDM2M2JjN2M0YzAiOnsiY3JlYXRlIjozNjAwMDAwMDAwMDAwLCJkZWxldGUiOjM2MDAwMDAwMDAwMDAsInJlYWQiOjMwMDAwMDAwMDAwMCwidXBkYXRlIjozNjAwMDAwMDAwMDAwfSwic2NoZW1hX3ZlcnNpb24iOiIyIn0=",
          "dependencies": [
            "data.azurerm_resource_group.GymResourceGroup"
          ]
        }
      ]
    },
    {
      "mode": "managed",
      "type": "azurerm_storage_container",
      "name": "memestorage",
      "provider": "provider[\"registry.terraform.io/hashicorp/azurerm\"]",
      "instances": [
        {
          "index_key": 0,
          "schema_version": 1,
          "attributes": {
            "container_access_type": "private",
            "has_immutability_policy": false,
            "has_legal_hold": false,
            "id": "https://gymblobstorage.blob.core.windows.net/inputs",
            "metadata": {},
            "name": "inputs",
            "resource_manager_id": "/subscriptions/4398a24f-81d9-469d-8b59-2f51ac63df2d/resourceGroups/terraform/providers/Microsoft.Storage/storageAccounts/gymblobstorage/blobServices/default/containers/inputs",
            "storage_account_name": "gymblobstorage",
            "timeouts": null
          },
          "sensitive_attributes": [],
          "private": "eyJlMmJmYjczMC1lY2FhLTExZTYtOGY4OC0zNDM2M2JjN2M0YzAiOnsiY3JlYXRlIjoxODAwMDAwMDAwMDAwLCJkZWxldGUiOjE4MDAwMDAwMDAwMDAsInJlYWQiOjMwMDAwMDAwMDAwMCwidXBkYXRlIjoxODAwMDAwMDAwMDAwfSwic2NoZW1hX3ZlcnNpb24iOiIxIn0=",
          "dependencies": [
            "azurerm_storage_account.GymBlob",
            "data.azurerm_resource_group.GymResourceGroup"
          ]
        },
        {
          "index_key": 1,
          "schema_version": 1,
          "attributes": {
            "container_access_type": "private",
            "has_immutability_policy": false,
            "has_legal_hold": false,
            "id": "https://gymblobstorage.blob.core.windows.net/outputs",
            "metadata": {},
            "name": "outputs",
            "resource_manager_id": "/subscriptions/4398a24f-81d9-469d-8b59-2f51ac63df2d/resourceGroups/terraform/providers/Microsoft.Storage/storageAccounts/gymblobstorage/blobServices/default/containers/outputs",
            "storage_account_name": "gymblobstorage",
            "timeouts": null
          },
          "sensitive_attributes": [],
          "private": "eyJlMmJmYjczMC1lY2FhLTExZTYtOGY4OC0zNDM2M2JjN2M0YzAiOnsiY3JlYXRlIjoxODAwMDAwMDAwMDAwLCJkZWxldGUiOjE4MDAwMDAwMDAwMDAsInJlYWQiOjMwMDAwMDAwMDAwMCwidXBkYXRlIjoxODAwMDAwMDAwMDAwfSwic2NoZW1hX3ZlcnNpb24iOiIxIn0=",
          "dependencies": [
            "azurerm_storage_account.GymBlob",
            "data.azurerm_resource_group.GymResourceGroup"
          ]
        }
      ]
    },
    {
      "mode": "managed",
      "type": "azurerm_virtual_network",
      "name": "VnetGym",
      "provider": "provider[\"registry.terraform.io/hashicorp/azurerm\"]",
      "instances": [
        {
          "schema_version": 0,
          "attributes": {
            "address_space": [
              "10.0.0.0/16"
            ],
            "bgp_community": "",
            "ddos_protection_plan": [],
            "dns_servers": null,
            "guid": "20414410-26a2-4e2f-9459-e291ea737b9c",
            "id": "/subscriptions/4398a24f-81d9-469d-8b59-2f51ac63df2d/resourceGroups/terraform/providers/Microsoft.Network/virtualNetworks/VnetGym",
            "location": "eastus",
            "name": "VnetGym",
            "resource_group_name": "terraform",
            "subnet": [],
            "tags": {
              "country": "france",
              "environment": "devlopment",
              "groupe": "Youcef-Jordan_t-Biben-Thibault",
              "project": "memelon"
            },
            "timeouts": null,
            "vm_protection_enabled": false
          },
          "sensitive_attributes": [],
          "private": "eyJlMmJmYjczMC1lY2FhLTExZTYtOGY4OC0zNDM2M2JjN2M0YzAiOnsiY3JlYXRlIjoxODAwMDAwMDAwMDAwLCJkZWxldGUiOjE4MDAwMDAwMDAwMDAsInJlYWQiOjMwMDAwMDAwMDAwMCwidXBkYXRlIjoxODAwMDAwMDAwMDAwfX0=",
          "dependencies": [
            "data.azurerm_resource_group.GymResourceGroup"
          ]
        }
      ]
    }
  ]
}
